{
  "name": "typescript",
  "requires": true,
  "lockfileVersion": 1,
  "dependencies": {
    "@grapecity/spread-excelio": {
      "version": "17.0.8",
      "resolved": "https://registry.npmjs.org/@grapecity/spread-excelio/-/spread-excelio-17.0.8.tgz",
      "integrity": "sha512-V4O1Lor77/oEFPK27U92H/uHMfkH0abEkz4JvC5qs0WHKjTXGym93dH89qi7ZP60eNpsyJiZW8XfuFWZzhQNBQ==",
      "requires": {
        "@grapecity/spread-sheets": "17.0.8"
      }
    },
    "@grapecity/spread-sheets": {
      "version": "17.0.8",
      "resolved": "https://registry.npmjs.org/@grapecity/spread-sheets/-/spread-sheets-17.0.8.tgz",
      "integrity": "sha512-jX+7+TcmHuOLBqqr1sKBBTth86RWe+CKye7fV4vlIhn7yVxXLetyTj02COdXTVznVxo3mPSZPAWBhvISOnD/iw=="
    },
    "@grapecity/spread-sheets-barcode": {
      "version": "17.0.8",
      "resolved": "https://registry.npmjs.org/@grapecity/spread-sheets-barcode/-/spread-sheets-barcode-17.0.8.tgz",
      "integrity": "sha512-vkhry36WfNROfPx24sXcZatO4OCc8HC2nXwuqOVKgshVIL5ykGwqvDKigBv0VIVmz4PQ/GJFnMA8PbfJmhcFvg==",
      "requires": {
        "@grapecity/spread-sheets": "17.0.8"
      }
    },
    "@grapecity/spread-sheets-charts": {
      "version": "17.0.8",
      "resolved": "https://registry.npmjs.org/@grapecity/spread-sheets-charts/-/spread-sheets-charts-17.0.8.tgz",
      "integrity": "sha512-4orsNM2uVyPW48YPauOaA53UfD0/e6ne7up5JNZ117KKrDwa00QUoP94KRy+gjrCR4HikECzSzInGbeWUU338g==",
      "requires": {
        "@grapecity/spread-sheets": "17.0.8",
        "@grapecity/spread-sheets-shapes": "17.0.8"
      }
    },
    "@grapecity/spread-sheets-designer": {
      "version": "17.0.8",
      "resolved": "https://registry.npmjs.org/@grapecity/spread-sheets-designer/-/spread-sheets-designer-17.0.8.tgz",
      "integrity": "sha512-oNlzY2mA8ia7YdxR02ztKtUcRXfmPZvaFbQjxhHCfGs5iSfQSMpsq1b+8nZAQ3EfZGanVg7/oZL2ZAN+dQL2pQ=="
    },
    "@grapecity/spread-sheets-designer-resources-cn": {
      "version": "17.0.8",
      "resolved": "https://registry.npmjs.org/@grapecity/spread-sheets-designer-resources-cn/-/spread-sheets-designer-resources-cn-17.0.8.tgz",
      "integrity": "sha512-Kb/cM24aqvbed/uNQOze/mVvtsbao56mNE9hDERsr1XMyQUEx5TOsvXKRM8juG1Jf9GjJWTSMQKp1KGNkV1sGg=="
    },
    "@grapecity/spread-sheets-io": {
      "version": "17.0.8",
      "resolved": "https://registry.npmjs.org/@grapecity/spread-sheets-io/-/spread-sheets-io-17.0.8.tgz",
      "integrity": "sha512-2bt+H5uMqmAnJJ5CLzJ6czaUh5FI84YWLL+/OJ9QK6aiJLopTWYB9jvMU2ZJxbA45J9094V3nwj6S91+wUZLhA==",
      "requires": {
        "@grapecity/spread-sheets": "17.0.8"
      }
    },
    "@grapecity/spread-sheets-languagepackages": {
      "version": "17.0.8",
      "resolved": "https://registry.npmjs.org/@grapecity/spread-sheets-languagepackages/-/spread-sheets-languagepackages-17.0.8.tgz",
      "integrity": "sha512-uI/EYl+K34xtz/yEfEeRnpSHtTHbWnV4pI8+RXhNK52HKHzHNScWJB6Wvw5kQIt/nQY8rjrIdbWDP0tFwDe9zg==",
      "requires": {
        "@grapecity/spread-sheets": "17.0.8"
      }
    },
    "@grapecity/spread-sheets-pdf": {
      "version": "17.0.8",
      "resolved": "https://registry.npmjs.org/@grapecity/spread-sheets-pdf/-/spread-sheets-pdf-17.0.8.tgz",
      "integrity": "sha512-4dK0BShVIhHUmHk395E+zMAIReJU0kivST7sVAzspfege4KHEM3u9pI8DagrjgjzCQrZCneFIWy8LoSHA0s3WA==",
      "requires": {
        "@grapecity/spread-sheets": "17.0.8",
        "@grapecity/spread-sheets-print": "17.0.8"
      }
    },
    "@grapecity/spread-sheets-pivot-addon": {
      "version": "17.0.8",
      "resolved": "https://registry.npmjs.org/@grapecity/spread-sheets-pivot-addon/-/spread-sheets-pivot-addon-17.0.8.tgz",
      "integrity": "sha512-ip08o7ZW/ILBU+9sqJLmfYrE9wgrWjcNVmC8mc5+UObOyhSRYKZM42ERqBhHTo4OMTZjw/8IqWW+4HBc3U/jmg==",
      "requires": {
        "@grapecity/spread-sheets": "17.0.8",
        "@grapecity/spread-sheets-shapes": "17.0.8"
      }
    },
    "@grapecity/spread-sheets-print": {
      "version": "17.0.8",
      "resolved": "https://registry.npmjs.org/@grapecity/spread-sheets-print/-/spread-sheets-print-17.0.8.tgz",
      "integrity": "sha512-WpDnLUg6eTcb6Bnzl2xe6OE5cKHnqKOcyrou3/mQhEc5LDY53uP6TvAze5btyPoW+GZfS1sUA9tHo98lbUzAUw==",
      "requires": {
        "@grapecity/spread-sheets": "17.0.8"
      }
    },
    "@grapecity/spread-sheets-reportsheet-addon": {
      "version": "17.0.8",
      "resolved": "https://registry.npmjs.org/@grapecity/spread-sheets-reportsheet-addon/-/spread-sheets-reportsheet-addon-17.0.8.tgz",
      "integrity": "sha512-vjIPg0K1u06EkwwtNWnA5/QQ+UXtbnPq2iB+SQB/rGIbZONRTKyNnn8SxxZty9m15fuy+lZVy8I0hdcNZC09SQ==",
      "requires": {
        "@grapecity/spread-sheets": "17.0.8",
        "@grapecity/spread-sheets-print": "17.0.8"
      }
    },
    "@grapecity/spread-sheets-shapes": {
      "version": "17.0.8",
      "resolved": "https://registry.npmjs.org/@grapecity/spread-sheets-shapes/-/spread-sheets-shapes-17.0.8.tgz",
      "integrity": "sha512-1SvkJs5FNgldTeghOPFfcSlBBOpFGdchYRRnZ7YcZ7QaqJ7oCksWdjrK55iG6LoRltNeI37FvhscpHdSaUTz+Q==",
      "requires": {
        "@grapecity/spread-sheets": "17.0.8"
      }
    },
    "@grapecity/spread-sheets-tablesheet": {
      "version": "17.0.8",
      "resolved": "https://registry.npmjs.org/@grapecity/spread-sheets-tablesheet/-/spread-sheets-tablesheet-17.0.8.tgz",
      "integrity": "sha512-6qjAMIyfyxQqhrW41KPV8SSRpwXUK5EuBlEUth70c6tjtFke8+aIaakiDGAJyNWLS+T+MpF6bcwjhxo6NHJ5oQ==",
      "requires": {
        "@grapecity/spread-sheets": "17.0.8"
      }
    },
    "systemjs": {
      "version": "0.19.47",
      "resolved": "https://registry.npmjs.org/systemjs/-/systemjs-0.19.47.tgz",
      "integrity": "sha1-yMk5NxgPP1SBx2nNJyB2P7SjHG8=",
      "requires": {
        "when": "^3.7.5"
      }
    },
    "systemjs-plugin-css": {
      "version": "0.1.37",
      "resolved": "https://registry.npmjs.org/systemjs-plugin-css/-/systemjs-plugin-css-0.1.37.tgz",
      "integrity": "sha512-wCGG62zYXuOlNji5FlBjeMFAnLeAO/HQmFg+8UBX/mlHoAKLHlGFYRstlhGKibRU2oxk/BH9DaihOuhhNLi7Kg=="
    },
    "typescript": {
      "version": "4.9.5",
      "resolved": "https://registry.npmjs.org/typescript/-/typescript-4.9.5.tgz",
      "integrity": "sha512-1FXk9E2Hm+QzZQ7z+McJiHL4NW1F2EzMu9Nq9i3zAaGqibafqYwCVU6WyWAuyQRRzOlxou8xZSyXLEN8oKj24g=="
    },
    "when": {
      "version": "3.7.8",
      "resolved": "https://registry.npmjs.org/when/-/when-3.7.8.tgz",
      "integrity": "sha1-xxMLan6gRpPoQs3J56Hyqjmjn4I="
    }
  }
}
