{
  "name": "spread-designer-js",
  "requires": true,
  "lockfileVersion": 1,
  "dependencies": {
    "plugin-typescript": {
      "version": "8.0.0",
      "resolved": "https://registry.npmjs.org/plugin-typescript/-/plugin-typescript-8.0.0.tgz",
      "integrity": "sha512-9P25tRwjKgk1J1U1VMVJxHhL4OxouurN9otoQ2DJHDoZ8urxKS7G+e9rpiag3pbYpT7EcWqELEYAk/ssOOfQeg=="
    },
    "systemjs": {
      "version": "0.19.47",
      "resolved": "https://registry.npmjs.org/systemjs/-/systemjs-0.19.47.tgz",
      "integrity": "sha1-yMk5NxgPP1SBx2nNJyB2P7SjHG8=",
      "requires": {
        "when": "^3.7.5"
      }
    },
    "typescript": {
      "version": "4.2.4",
      "resolved": "https://registry.npmjs.org/typescript/-/typescript-4.2.4.tgz",
      "integrity": "sha512-V+evlYHZnQkaz8TRBuxTA92yZBPotr5H+WhQ7bD3hZUndx5tGOa1fuCgeSjxAzM1RiN5IzvadIXTVefuuwZCRg=="
    },
    "when": {
      "version": "3.7.8",
      "resolved": "https://registry.npmjs.org/when/-/when-3.7.8.tgz",
      "integrity": "sha1-xxMLan6gRpPoQs3J56Hyqjmjn4I="
    }
  }
}
