{
  "name": "spread-designer-js",
  "requires": true,
  "lockfileVersion": 1,
  "dependencies": {
    "echarts": {
      "version": "6.1.0",
      "resolved": "https://registry.npmjs.org/echarts/-/echarts-6.1.0.tgz",
      "integrity": "sha512-q0yaFPggC9FUdsWH4blavRWFmxdrIodbkoKNAjJudAI6CA9gNPxHtV2RcZNEepZVlk4yvBYkOkbk6HIVpIyHZA==",
      "requires": {
        "tslib": "2.3.0",
        "zrender": "6.1.0"
      }
    },
    "file-saver": {
      "version": "2.0.5",
      "resolved": "https://registry.npmjs.org/file-saver/-/file-saver-2.0.5.tgz",
      "integrity": "sha512-P9bmyZ3h/PRG+Nzga+rbdI4OEpNDzAVyy74uVO9ATgzLK6VtAsYybF/+TOCvrc0MO793d6+42lLyZTw7/ArVzA=="
    },
    "plugin-typescript": {
      "version": "8.0.0",
      "resolved": "https://registry.npmjs.org/plugin-typescript/-/plugin-typescript-8.0.0.tgz",
      "integrity": "sha512-9P25tRwjKgk1J1U1VMVJxHhL4OxouurN9otoQ2DJHDoZ8urxKS7G+e9rpiag3pbYpT7EcWqELEYAk/ssOOfQeg=="
    },
    "systemjs": {
      "version": "0.19.47",
      "resolved": "https://registry.npmjs.org/systemjs/-/systemjs-0.19.47.tgz",
      "integrity": "sha1-yMk5NxgPP1SBx2nNJyB2P7SjHG8=",
      "requires": {
        "when": "^3.7.5"
      }
    },
    "tslib": {
      "version": "2.3.0",
      "resolved": "https://registry.npmjs.org/tslib/-/tslib-2.3.0.tgz",
      "integrity": "sha512-N82ooyxVNm6h1riLCoyS9e3fuJ3AMG2zIZs2Gd1ATcSFjSA23Q0fzjjZeh0jbJvWVDZ0cJT8yaNNaaXHzueNjg=="
    },
    "typescript": {
      "version": "4.2.4",
      "resolved": "https://registry.npmjs.org/typescript/-/typescript-4.2.4.tgz",
      "integrity": "sha512-V+evlYHZnQkaz8TRBuxTA92yZBPotr5H+WhQ7bD3hZUndx5tGOa1fuCgeSjxAzM1RiN5IzvadIXTVefuuwZCRg=="
    },
    "when": {
      "version": "3.7.8",
      "resolved": "https://registry.npmjs.org/when/-/when-3.7.8.tgz",
      "integrity": "sha1-xxMLan6gRpPoQs3J56Hyqjmjn4I="
    },
    "zrender": {
      "version": "6.1.0",
      "resolved": "https://registry.npmjs.org/zrender/-/zrender-6.1.0.tgz",
      "integrity": "sha512-oEGMDB6pOP2S6OwRR4PdVv610zrjnA3Bh+JnSG12fYJlBKjtNAoEb5fSUoCOOINlH96I2fU38/A2UpRKs67xYQ==",
      "requires": {
        "tslib": "2.3.0"
      }
    }
  }
}
