lockfileVersion: '9.0'

settings:
  autoInstallPeers: true
  excludeLinksFromLockfile: false

importers:

  .:
    dependencies:
      '@grapecity-software/spread-sheets':
        specifier: 19.1.0
        version: 19.1.0
      plugin-typescript:
        specifier: ^8.0.0
        version: 8.0.0(typescript@4.1.2)
      systemjs:
        specifier: ^0.19.22
        version: 0.19.47
      typescript:
        specifier: ^4.1.2
        version: 4.1.2

packages:

  '@grapecity-software/spread-sheets@19.1.0':
    resolution: {integrity: sha512-IY1V6awsYc+QgM4AjEfo8BALY8hIuc9fHo+bYYn12ALzOSYELcMtP7fKDiADcbFOslyN3pg0LCnyQiFasrh4zA==}

  plugin-typescript@8.0.0:
    resolution: {integrity: sha512-9P25tRwjKgk1J1U1VMVJxHhL4OxouurN9otoQ2DJHDoZ8urxKS7G+e9rpiag3pbYpT7EcWqELEYAk/ssOOfQeg==}
    peerDependencies:
      typescript: ^2.4.0

  systemjs@0.19.47:
    resolution: {integrity: sha512-6P+63y7bQhZXqOcim7QU0TKEjCmQArFkKa+CxlDchIerej7wrXLUoyGuWk+L0yC5rYrZ5LI6Eh1QOawttQq5xw==}

  typescript@4.1.2:
    resolution: {integrity: sha512-thGloWsGH3SOxv1SoY7QojKi0tc+8FnOmiarEGMbd/lar7QOEd3hvlx3Fp5y6FlDUGl9L+pd4n2e+oToGMmhRQ==}
    engines: {node: '>=4.2.0'}
    hasBin: true

  when@3.7.8:
    resolution: {integrity: sha512-5cZ7mecD3eYcMiCH4wtRPA5iFJZ50BJYDfckI5RRpQiktMiYTcn0ccLTZOvcbBume+1304fQztxeNzNS9Gvrnw==}

snapshots:

  '@grapecity-software/spread-sheets@19.1.0': {}

  plugin-typescript@8.0.0(typescript@4.1.2):
    dependencies:
      typescript: 4.1.2

  systemjs@0.19.47:
    dependencies:
      when: 3.7.8

  typescript@4.1.2: {}

  when@3.7.8: {}
