{
  "name": "spread-designer-js",
  "requires": true,
  "lockfileVersion": 1,
  "dependencies": {
    "es6-module-loader": {
      "version": "0.17.11",
      "resolved": "https://registry.npmjs.org/es6-module-loader/-/es6-module-loader-0.17.11.tgz",
      "integrity": "sha512-6u2nrCQQ0fg7llO02vHAg8MZSxE+Y+fjy+9906ICIR5qaZLUlx7CePFvEJf1Fz7CnUUkKDt7woYtYTYpy9jVQQ==",
      "requires": {
        "when": "^3.7.2"
      }
    },
    "plugin-typescript": {
      "version": "8.0.0",
      "resolved": "https://registry.npmjs.org/plugin-typescript/-/plugin-typescript-8.0.0.tgz",
      "integrity": "sha512-9P25tRwjKgk1J1U1VMVJxHhL4OxouurN9otoQ2DJHDoZ8urxKS7G+e9rpiag3pbYpT7EcWqELEYAk/ssOOfQeg=="
    },
    "systemjs": {
      "version": "0.19.22",
      "resolved": "https://registry.npmjs.org/systemjs/-/systemjs-0.19.22.tgz",
      "integrity": "sha512-z2yXQS2NMUWjvgBg37dGLe3xaKPIl5Lg99FDd8oidHhQvcFWsYgCBHF7Zq469xFqpYT+3XRwoDDWep9ge7CCmw==",
      "requires": {
        "es6-module-loader": "^0.17.10",
        "when": "^3.7.5"
      }
    },
    "typescript": {
      "version": "4.7.4",
      "resolved": "https://registry.npmjs.org/typescript/-/typescript-4.7.4.tgz",
      "integrity": "sha512-C0WQT0gezHuw6AdY1M2jxUO83Rjf0HP7Sk1DtXj6j1EwkQNZrHAg2XPWlq62oqEhYvONq5pkC2Y9oPljWToLmQ=="
    },
    "when": {
      "version": "3.7.8",
      "resolved": "https://registry.npmjs.org/when/-/when-3.7.8.tgz",
      "integrity": "sha512-5cZ7mecD3eYcMiCH4wtRPA5iFJZ50BJYDfckI5RRpQiktMiYTcn0ccLTZOvcbBume+1304fQztxeNzNS9Gvrnw=="
    }
  }
}
